
Microsoft Visual Studio Solution File, Format Version 12.00
# Visual Studio Version 16
VisualStudioVersion = 16.0.30413.136
MinimumVisualStudioVersion = 10.0.40219.1
Project("{FAE04EC0-301F-11D3-BF4B-00C04F79EFBC}") = "GenericCollections", "GenericCollections\GenericCollections.csproj", "{EF4983E9-78E3-4DDC-886B-21B6EAF46795}"
EndProject
Global
	GlobalSection(SolutionConfigurationPlatforms) = preSolution
		Debug|Any CPU = Debug|Any CPU
		Release|Any CPU = Release|Any CPU
	EndGlobalSection
	GlobalSection(ProjectConfigurationPlatforms) = postSolution
		{EF4983E9-78E3-4DDC-886B-21B6EAF46795}.Debug|Any CPU.ActiveCfg = Debug|Any CPU
		{EF4983E9-78E3-4DDC-886B-21B6EAF46795}.Debug|Any CPU.Build.0 = Debug|Any CPU
		{EF4983E9-78E3-4DDC-886B-21B6EAF46795}.Release|Any CPU.ActiveCfg = Release|Any CPU
		{EF4983E9-78E3-4DDC-886B-21B6EAF46795}.Release|Any CPU.Build.0 = Release|Any CPU
	EndGlobalSection
	GlobalSection(SolutionProperties) = preSolution
		HideSolutionNode = FALSE
	EndGlobalSection
	GlobalSection(ExtensibilityGlobals) = postSolution
		SolutionGuid = {051A68E2-D519-4ECD-91ED-AB6567FE79A5}
	EndGlobalSection
EndGlobal
